
Microsoft Visual Studio Solution File, Format Version 12.00
# Visual Studio Version 16
VisualStudioVersion = 16.0.29102.190
MinimumVisualStudioVersion = 10.0.40219.1
Project("{FAE04EC0-301F-11D3-BF4B-00C04F79EFBC}") = "sReportsV2.Domain", "sReportsV2.Domain\sReportsV2.Domain.csproj", "{F6570A48-CAE5-4412-940E-05A081AAD9C4}"
EndProject
Project("{FAE04EC0-301F-11D3-BF4B-00C04F79EFBC}") = "sReportsV2", "sReportsV2\sReportsV2.csproj", "{1BE63F3A-CC7B-4129-AF61-B8D9F895597C}"
EndProject
Project("{FAE04EC0-301F-11D3-BF4B-00C04F79EFBC}") = "PdfClasses", "PdfClasses\PdfClasses.csproj", "{CFF63EDB-8011-4472-9082-F81E227A2F6F}"
EndProject
Project("{FAE04EC0-301F-11D3-BF4B-00C04F79EFBC}") = "ReadDataFromForm", "ReadDataFromForm\ReadDataFromForm.csproj", "{2A73CE5D-4A8F-49F9-91B9-20C8D4E8DA1F}"
EndProject
Project("{FAE04EC0-301F-11D3-BF4B-00C04F79EFBC}") = "Chapters", "Chapters\Chapters.csproj", "{3C891D95-8B3D-4B5B-AE0A-F4B579D13296}"
EndProject
Project("{2150E333-8FDC-42A3-9474-1A3956D46DE8}") = "Solution Items", "Solution Items", "{4AFB7B1F-062A-4CB0-A988-8577D17E1687}"
	ProjectSection(SolutionItems) = preProject
		fhir-net-api.props = fhir-net-api.props
		platforms.props = platforms.props
	EndProjectSection
EndProject
Project("{9A19103F-16F7-4668-BE54-9A1E7A4F7556}") = "Hl7.Fhir.Core", "Hl7.Fhir.Core\Hl7.Fhir.Core.csproj", "{B3D4479D-F66E-4CEA-9118-60001D09D1D6}"
EndProject
Project("{9A19103F-16F7-4668-BE54-9A1E7A4F7556}") = "Hl7.Fhir.ElementModel", "Hl7.Fhir.ElementModel\Hl7.Fhir.ElementModel.csproj", "{B86EB6A2-149B-4A68-AB27-25CE0AC9D86D}"
EndProject
Project("{9A19103F-16F7-4668-BE54-9A1E7A4F7556}") = "Hl7.Fhir.Serialization", "Hl7.Fhir.Serialization\Hl7.Fhir.Serialization.csproj", "{0BB00082-DB6C-443C-B023-0B3E2179CE0D}"
EndProject
Project("{9A19103F-16F7-4668-BE54-9A1E7A4F7556}") = "Hl7.Fhir.Specification", "Hl7.Fhir.Specification\Hl7.Fhir.Specification.csproj", "{4C9D709F-BFA2-4E01-9E90-0177154D96C5}"
EndProject
Project("{9A19103F-16F7-4668-BE54-9A1E7A4F7556}") = "Hl7.Fhir.Support", "Hl7.Fhir.Support\Hl7.Fhir.Support.csproj", "{E9820A73-47C0-46CB-8789-B5F82E34EB67}"
EndProject
Project("{9A19103F-16F7-4668-BE54-9A1E7A4F7556}") = "Hl7.FhirPath", "Hl7.FhirPath\Hl7.FhirPath.csproj", "{00BA2B92-EFE1-4FD8-B360-A60D9CCF5D41}"
EndProject
Project("{FAE04EC0-301F-11D3-BF4B-00C04F79EFBC}") = "UmlsClient", "UmlsClient\UmlsClient.csproj", "{E73FBB54-341D-4C9F-BEA4-7CC29443EF6A}"
EndProject
Project("{9A19103F-16F7-4668-BE54-9A1E7A4F7556}") = "sReportsV2.Api", "sReportsV2.Api\sReportsV2.Api.csproj", "{A712C0E4-D9F2-4479-A045-99E53A7CEDBC}"
EndProject
Project("{FAE04EC0-301F-11D3-BF4B-00C04F79EFBC}") = "sReports.PathoLink", "sReports.PathoLink\sReports.PathoLink.csproj", "{C0D61448-9433-433A-906B-DEEB72A500D2}"
EndProject
Project("{FAE04EC0-301F-11D3-BF4B-00C04F79EFBC}") = "DocumentGenerator", "DocumentGenerator\DocumentGenerator.csproj", "{D2FAFF68-2149-4E4E-B2D9-305D75E8F959}"
EndProject
Project("{FAE04EC0-301F-11D3-BF4B-00C04F79EFBC}") = "Generator", "Generator\Generator.csproj", "{8C537FCD-E4DF-4E0D-90F7-CE669FBE958C}"
EndProject
Project("{FAE04EC0-301F-11D3-BF4B-00C04F79EFBC}") = "DocumentsParser", "DocumentsParser\DocumentsParser.csproj", "{14188C48-7304-447D-A44E-B136DB087D8F}"
EndProject
Project("{FAE04EC0-301F-11D3-BF4B-00C04F79EFBC}") = "DfD.SMSApi.Client", "DfD.SMSApi.Client\DfD.SMSApi.Client.csproj", "{9099C856-FE46-4833-BA7F-C43B5EF8D174}"
EndProject
Project("{9A19103F-16F7-4668-BE54-9A1E7A4F7556}") = "CTCAE", "CTCAE\CTCAE\CTCAE.csproj", "{A722319F-D295-447E-84B0-5E91117FB67D}"
EndProject
Global
	GlobalSection(SolutionConfigurationPlatforms) = preSolution
		Debug|Any CPU = Debug|Any CPU
		Dev|Any CPU = Dev|Any CPU
		Release|Any CPU = Release|Any CPU
	EndGlobalSection
	GlobalSection(ProjectConfigurationPlatforms) = postSolution
		{F6570A48-CAE5-4412-940E-05A081AAD9C4}.Debug|Any CPU.ActiveCfg = Debug|Any CPU
		{F6570A48-CAE5-4412-940E-05A081AAD9C4}.Debug|Any CPU.Build.0 = Debug|Any CPU
		{F6570A48-CAE5-4412-940E-05A081AAD9C4}.Dev|Any CPU.ActiveCfg = Debug|Any CPU
		{F6570A48-CAE5-4412-940E-05A081AAD9C4}.Dev|Any CPU.Build.0 = Debug|Any CPU
		{F6570A48-CAE5-4412-940E-05A081AAD9C4}.Release|Any CPU.ActiveCfg = Release|Any CPU
		{F6570A48-CAE5-4412-940E-05A081AAD9C4}.Release|Any CPU.Build.0 = Release|Any CPU
		{1BE63F3A-CC7B-4129-AF61-B8D9F895597C}.Debug|Any CPU.ActiveCfg = Debug|Any CPU
		{1BE63F3A-CC7B-4129-AF61-B8D9F895597C}.Debug|Any CPU.Build.0 = Debug|Any CPU
		{1BE63F3A-CC7B-4129-AF61-B8D9F895597C}.Dev|Any CPU.ActiveCfg = Debug|Any CPU
		{1BE63F3A-CC7B-4129-AF61-B8D9F895597C}.Dev|Any CPU.Build.0 = Debug|Any CPU
		{1BE63F3A-CC7B-4129-AF61-B8D9F895597C}.Release|Any CPU.ActiveCfg = Release|Any CPU
		{1BE63F3A-CC7B-4129-AF61-B8D9F895597C}.Release|Any CPU.Build.0 = Release|Any CPU
		{CFF63EDB-8011-4472-9082-F81E227A2F6F}.Debug|Any CPU.ActiveCfg = Debug|Any CPU
		{CFF63EDB-8011-4472-9082-F81E227A2F6F}.Debug|Any CPU.Build.0 = Debug|Any CPU
		{CFF63EDB-8011-4472-9082-F81E227A2F6F}.Dev|Any CPU.ActiveCfg = Debug|Any CPU
		{CFF63EDB-8011-4472-9082-F81E227A2F6F}.Dev|Any CPU.Build.0 = Debug|Any CPU
		{CFF63EDB-8011-4472-9082-F81E227A2F6F}.Release|Any CPU.ActiveCfg = Release|Any CPU
		{CFF63EDB-8011-4472-9082-F81E227A2F6F}.Release|Any CPU.Build.0 = Release|Any CPU
		{2A73CE5D-4A8F-49F9-91B9-20C8D4E8DA1F}.Debug|Any CPU.ActiveCfg = Debug|Any CPU
		{2A73CE5D-4A8F-49F9-91B9-20C8D4E8DA1F}.Debug|Any CPU.Build.0 = Debug|Any CPU
		{2A73CE5D-4A8F-49F9-91B9-20C8D4E8DA1F}.Dev|Any CPU.ActiveCfg = Debug|Any CPU
		{2A73CE5D-4A8F-49F9-91B9-20C8D4E8DA1F}.Dev|Any CPU.Build.0 = Debug|Any CPU
		{2A73CE5D-4A8F-49F9-91B9-20C8D4E8DA1F}.Release|Any CPU.ActiveCfg = Release|Any CPU
		{2A73CE5D-4A8F-49F9-91B9-20C8D4E8DA1F}.Release|Any CPU.Build.0 = Release|Any CPU
		{3C891D95-8B3D-4B5B-AE0A-F4B579D13296}.Debug|Any CPU.ActiveCfg = Debug|Any CPU
		{3C891D95-8B3D-4B5B-AE0A-F4B579D13296}.Debug|Any CPU.Build.0 = Debug|Any CPU
		{3C891D95-8B3D-4B5B-AE0A-F4B579D13296}.Dev|Any CPU.ActiveCfg = Debug|Any CPU
		{3C891D95-8B3D-4B5B-AE0A-F4B579D13296}.Dev|Any CPU.Build.0 = Debug|Any CPU
		{3C891D95-8B3D-4B5B-AE0A-F4B579D13296}.Release|Any CPU.ActiveCfg = Release|Any CPU
		{3C891D95-8B3D-4B5B-AE0A-F4B579D13296}.Release|Any CPU.Build.0 = Release|Any CPU
		{B3D4479D-F66E-4CEA-9118-60001D09D1D6}.Debug|Any CPU.ActiveCfg = Debug|Any CPU
		{B3D4479D-F66E-4CEA-9118-60001D09D1D6}.Debug|Any CPU.Build.0 = Debug|Any CPU
		{B3D4479D-F66E-4CEA-9118-60001D09D1D6}.Dev|Any CPU.ActiveCfg = Debug|Any CPU
		{B3D4479D-F66E-4CEA-9118-60001D09D1D6}.Dev|Any CPU.Build.0 = Debug|Any CPU
		{B3D4479D-F66E-4CEA-9118-60001D09D1D6}.Release|Any CPU.ActiveCfg = Release|Any CPU
		{B3D4479D-F66E-4CEA-9118-60001D09D1D6}.Release|Any CPU.Build.0 = Release|Any CPU
		{B86EB6A2-149B-4A68-AB27-25CE0AC9D86D}.Debug|Any CPU.ActiveCfg = Debug|Any CPU
		{B86EB6A2-149B-4A68-AB27-25CE0AC9D86D}.Debug|Any CPU.Build.0 = Debug|Any CPU
		{B86EB6A2-149B-4A68-AB27-25CE0AC9D86D}.Dev|Any CPU.ActiveCfg = Debug|Any CPU
		{B86EB6A2-149B-4A68-AB27-25CE0AC9D86D}.Dev|Any CPU.Build.0 = Debug|Any CPU
		{B86EB6A2-149B-4A68-AB27-25CE0AC9D86D}.Release|Any CPU.ActiveCfg = Release|Any CPU
		{B86EB6A2-149B-4A68-AB27-25CE0AC9D86D}.Release|Any CPU.Build.0 = Release|Any CPU
		{0BB00082-DB6C-443C-B023-0B3E2179CE0D}.Debug|Any CPU.ActiveCfg = Debug|Any CPU
		{0BB00082-DB6C-443C-B023-0B3E2179CE0D}.Debug|Any CPU.Build.0 = Debug|Any CPU
		{0BB00082-DB6C-443C-B023-0B3E2179CE0D}.Dev|Any CPU.ActiveCfg = Debug|Any CPU
		{0BB00082-DB6C-443C-B023-0B3E2179CE0D}.Dev|Any CPU.Build.0 = Debug|Any CPU
		{0BB00082-DB6C-443C-B023-0B3E2179CE0D}.Release|Any CPU.ActiveCfg = Release|Any CPU
		{0BB00082-DB6C-443C-B023-0B3E2179CE0D}.Release|Any CPU.Build.0 = Release|Any CPU
		{4C9D709F-BFA2-4E01-9E90-0177154D96C5}.Debug|Any CPU.ActiveCfg = Debug|Any CPU
		{4C9D709F-BFA2-4E01-9E90-0177154D96C5}.Debug|Any CPU.Build.0 = Debug|Any CPU
		{4C9D709F-BFA2-4E01-9E90-0177154D96C5}.Dev|Any CPU.ActiveCfg = Debug|Any CPU
		{4C9D709F-BFA2-4E01-9E90-0177154D96C5}.Dev|Any CPU.Build.0 = Debug|Any CPU
		{4C9D709F-BFA2-4E01-9E90-0177154D96C5}.Release|Any CPU.ActiveCfg = Release|Any CPU
		{4C9D709F-BFA2-4E01-9E90-0177154D96C5}.Release|Any CPU.Build.0 = Release|Any CPU
		{E9820A73-47C0-46CB-8789-B5F82E34EB67}.Debug|Any CPU.ActiveCfg = Debug|Any CPU
		{E9820A73-47C0-46CB-8789-B5F82E34EB67}.Debug|Any CPU.Build.0 = Debug|Any CPU
		{E9820A73-47C0-46CB-8789-B5F82E34EB67}.Dev|Any CPU.ActiveCfg = Debug|Any CPU
		{E9820A73-47C0-46CB-8789-B5F82E34EB67}.Dev|Any CPU.Build.0 = Debug|Any CPU
		{E9820A73-47C0-46CB-8789-B5F82E34EB67}.Release|Any CPU.ActiveCfg = Release|Any CPU
		{E9820A73-47C0-46CB-8789-B5F82E34EB67}.Release|Any CPU.Build.0 = Release|Any CPU
		{00BA2B92-EFE1-4FD8-B360-A60D9CCF5D41}.Debug|Any CPU.ActiveCfg = Debug|Any CPU
		{00BA2B92-EFE1-4FD8-B360-A60D9CCF5D41}.Debug|Any CPU.Build.0 = Debug|Any CPU
		{00BA2B92-EFE1-4FD8-B360-A60D9CCF5D41}.Dev|Any CPU.ActiveCfg = Debug|Any CPU
		{00BA2B92-EFE1-4FD8-B360-A60D9CCF5D41}.Dev|Any CPU.Build.0 = Debug|Any CPU
		{00BA2B92-EFE1-4FD8-B360-A60D9CCF5D41}.Release|Any CPU.ActiveCfg = Release|Any CPU
		{00BA2B92-EFE1-4FD8-B360-A60D9CCF5D41}.Release|Any CPU.Build.0 = Release|Any CPU
		{E73FBB54-341D-4C9F-BEA4-7CC29443EF6A}.Debug|Any CPU.ActiveCfg = Debug|Any CPU
		{E73FBB54-341D-4C9F-BEA4-7CC29443EF6A}.Debug|Any CPU.Build.0 = Debug|Any CPU
		{E73FBB54-341D-4C9F-BEA4-7CC29443EF6A}.Dev|Any CPU.ActiveCfg = Debug|Any CPU
		{E73FBB54-341D-4C9F-BEA4-7CC29443EF6A}.Dev|Any CPU.Build.0 = Debug|Any CPU
		{E73FBB54-341D-4C9F-BEA4-7CC29443EF6A}.Release|Any CPU.ActiveCfg = Release|Any CPU
		{E73FBB54-341D-4C9F-BEA4-7CC29443EF6A}.Release|Any CPU.Build.0 = Release|Any CPU
		{A712C0E4-D9F2-4479-A045-99E53A7CEDBC}.Debug|Any CPU.ActiveCfg = Debug|Any CPU
		{A712C0E4-D9F2-4479-A045-99E53A7CEDBC}.Debug|Any CPU.Build.0 = Debug|Any CPU
		{A712C0E4-D9F2-4479-A045-99E53A7CEDBC}.Dev|Any CPU.ActiveCfg = Debug|Any CPU
		{A712C0E4-D9F2-4479-A045-99E53A7CEDBC}.Dev|Any CPU.Build.0 = Debug|Any CPU
		{A712C0E4-D9F2-4479-A045-99E53A7CEDBC}.Release|Any CPU.ActiveCfg = Release|Any CPU
		{A712C0E4-D9F2-4479-A045-99E53A7CEDBC}.Release|Any CPU.Build.0 = Release|Any CPU
		{C0D61448-9433-433A-906B-DEEB72A500D2}.Debug|Any CPU.ActiveCfg = Debug|Any CPU
		{C0D61448-9433-433A-906B-DEEB72A500D2}.Debug|Any CPU.Build.0 = Debug|Any CPU
		{C0D61448-9433-433A-906B-DEEB72A500D2}.Dev|Any CPU.ActiveCfg = Debug|Any CPU
		{C0D61448-9433-433A-906B-DEEB72A500D2}.Dev|Any CPU.Build.0 = Debug|Any CPU
		{C0D61448-9433-433A-906B-DEEB72A500D2}.Release|Any CPU.ActiveCfg = Release|Any CPU
		{C0D61448-9433-433A-906B-DEEB72A500D2}.Release|Any CPU.Build.0 = Release|Any CPU
		{D2FAFF68-2149-4E4E-B2D9-305D75E8F959}.Debug|Any CPU.ActiveCfg = Debug|Any CPU
		{D2FAFF68-2149-4E4E-B2D9-305D75E8F959}.Debug|Any CPU.Build.0 = Debug|Any CPU
		{D2FAFF68-2149-4E4E-B2D9-305D75E8F959}.Dev|Any CPU.ActiveCfg = Debug|Any CPU
		{D2FAFF68-2149-4E4E-B2D9-305D75E8F959}.Dev|Any CPU.Build.0 = Debug|Any CPU
		{D2FAFF68-2149-4E4E-B2D9-305D75E8F959}.Release|Any CPU.ActiveCfg = Release|Any CPU
		{D2FAFF68-2149-4E4E-B2D9-305D75E8F959}.Release|Any CPU.Build.0 = Release|Any CPU
		{8C537FCD-E4DF-4E0D-90F7-CE669FBE958C}.Debug|Any CPU.ActiveCfg = Debug|Any CPU
		{8C537FCD-E4DF-4E0D-90F7-CE669FBE958C}.Debug|Any CPU.Build.0 = Debug|Any CPU
		{8C537FCD-E4DF-4E0D-90F7-CE669FBE958C}.Dev|Any CPU.ActiveCfg = Debug|Any CPU
		{8C537FCD-E4DF-4E0D-90F7-CE669FBE958C}.Dev|Any CPU.Build.0 = Debug|Any CPU
		{8C537FCD-E4DF-4E0D-90F7-CE669FBE958C}.Release|Any CPU.ActiveCfg = Release|Any CPU
		{8C537FCD-E4DF-4E0D-90F7-CE669FBE958C}.Release|Any CPU.Build.0 = Release|Any CPU
		{14188C48-7304-447D-A44E-B136DB087D8F}.Debug|Any CPU.ActiveCfg = Debug|Any CPU
		{14188C48-7304-447D-A44E-B136DB087D8F}.Debug|Any CPU.Build.0 = Debug|Any CPU
		{14188C48-7304-447D-A44E-B136DB087D8F}.Dev|Any CPU.ActiveCfg = Debug|Any CPU
		{14188C48-7304-447D-A44E-B136DB087D8F}.Dev|Any CPU.Build.0 = Debug|Any CPU
		{14188C48-7304-447D-A44E-B136DB087D8F}.Release|Any CPU.ActiveCfg = Release|Any CPU
		{14188C48-7304-447D-A44E-B136DB087D8F}.Release|Any CPU.Build.0 = Release|Any CPU
		{9099C856-FE46-4833-BA7F-C43B5EF8D174}.Debug|Any CPU.ActiveCfg = Debug|Any CPU
		{9099C856-FE46-4833-BA7F-C43B5EF8D174}.Debug|Any CPU.Build.0 = Debug|Any CPU
		{9099C856-FE46-4833-BA7F-C43B5EF8D174}.Dev|Any CPU.ActiveCfg = Debug|Any CPU
		{9099C856-FE46-4833-BA7F-C43B5EF8D174}.Dev|Any CPU.Build.0 = Debug|Any CPU
		{9099C856-FE46-4833-BA7F-C43B5EF8D174}.Release|Any CPU.ActiveCfg = Release|Any CPU
		{9099C856-FE46-4833-BA7F-C43B5EF8D174}.Release|Any CPU.Build.0 = Release|Any CPU
		{A722319F-D295-447E-84B0-5E91117FB67D}.Debug|Any CPU.ActiveCfg = Debug|Any CPU
		{A722319F-D295-447E-84B0-5E91117FB67D}.Debug|Any CPU.Build.0 = Debug|Any CPU
		{A722319F-D295-447E-84B0-5E91117FB67D}.Dev|Any CPU.ActiveCfg = Debug|Any CPU
		{A722319F-D295-447E-84B0-5E91117FB67D}.Dev|Any CPU.Build.0 = Debug|Any CPU
		{A722319F-D295-447E-84B0-5E91117FB67D}.Release|Any CPU.ActiveCfg = Release|Any CPU
		{A722319F-D295-447E-84B0-5E91117FB67D}.Release|Any CPU.Build.0 = Release|Any CPU
	EndGlobalSection
	GlobalSection(SolutionProperties) = preSolution
		HideSolutionNode = FALSE
	EndGlobalSection
	GlobalSection(ExtensibilityGlobals) = postSolution
		SolutionGuid = {8DF8B601-D614-4327-A0D6-57D1CA4BEB51}
	EndGlobalSection
EndGlobal
